
Microsoft Visual Studio Solution File, Format Version 12.00
# Visual Studio 15
VisualStudioVersion = 15.0.28307.572
MinimumVisualStudioVersion = 10.0.40219.1
Project("{FAE04EC0-301F-11D3-BF4B-00C04F79EFBC}") = "BackEndLinkDevTask", "BackEndLinkDevTask\BackEndLinkDevTask.csproj", "{DDD72D74-292A-4452-B9ED-1D3C5072661B}"
EndProject
Project("{FAE04EC0-301F-11D3-BF4B-00C04F79EFBC}") = "dbsqlbase", "dbsqlbase\dbsqlbase.csproj", "{EC50C066-CE99-4A4C-A35D-DA8E0404F697}"
EndProject
Global
	GlobalSection(SolutionConfigurationPlatforms) = preSolution
		Debug|Any CPU = Debug|Any CPU
		Release|Any CPU = Release|Any CPU
	EndGlobalSection
	GlobalSection(ProjectConfigurationPlatforms) = postSolution
		{DDD72D74-292A-4452-B9ED-1D3C5072661B}.Debug|Any CPU.ActiveCfg = Debug|Any CPU
		{DDD72D74-292A-4452-B9ED-1D3C5072661B}.Debug|Any CPU.Build.0 = Debug|Any CPU
		{DDD72D74-292A-4452-B9ED-1D3C5072661B}.Release|Any CPU.ActiveCfg = Release|Any CPU
		{DDD72D74-292A-4452-B9ED-1D3C5072661B}.Release|Any CPU.Build.0 = Release|Any CPU
		{EC50C066-CE99-4A4C-A35D-DA8E0404F697}.Debug|Any CPU.ActiveCfg = Debug|Any CPU
		{EC50C066-CE99-4A4C-A35D-DA8E0404F697}.Debug|Any CPU.Build.0 = Debug|Any CPU
		{EC50C066-CE99-4A4C-A35D-DA8E0404F697}.Release|Any CPU.ActiveCfg = Release|Any CPU
		{EC50C066-CE99-4A4C-A35D-DA8E0404F697}.Release|Any CPU.Build.0 = Release|Any CPU
	EndGlobalSection
	GlobalSection(SolutionProperties) = preSolution
		HideSolutionNode = FALSE
	EndGlobalSection
	GlobalSection(ExtensibilityGlobals) = postSolution
		SolutionGuid = {75BF4E20-F59D-4A8D-8279-4F9481AA05E7}
	EndGlobalSection
EndGlobal
